
Microsoft Visual Studio Solution File, Format Version 12.00
# Visual Studio 15
VisualStudioVersion = 15.0.27004.2009
MinimumVisualStudioVersion = 10.0.40219.1
Project("{FAE04EC0-301F-11D3-BF4B-00C04F79EFBC}") = "ONP", "ONP\ONP.csproj", "{959DF0EA-BFBC-41BB-94E5-E5FF5C3FB466}"
EndProject
Project("{FAE04EC0-301F-11D3-BF4B-00C04F79EFBC}") = "OnpConsole", "OnpConsole\OnpConsole.csproj", "{55E3BD05-AA6B-48D7-A5C5-B5021BC3C53E}"
EndProject
Project("{FAE04EC0-301F-11D3-BF4B-00C04F79EFBC}") = "OnpTests", "OnpTests\OnpTests.csproj", "{5CE2996F-1691-4D38-AB8B-AB96916E7105}"
EndProject
Global
	GlobalSection(SolutionConfigurationPlatforms) = preSolution
		Debug|Any CPU = Debug|Any CPU
		Release|Any CPU = Release|Any CPU
	EndGlobalSection
	GlobalSection(ProjectConfigurationPlatforms) = postSolution
		{959DF0EA-BFBC-41BB-94E5-E5FF5C3FB466}.Debug|Any CPU.ActiveCfg = Debug|Any CPU
		{959DF0EA-BFBC-41BB-94E5-E5FF5C3FB466}.Debug|Any CPU.Build.0 = Debug|Any CPU
		{959DF0EA-BFBC-41BB-94E5-E5FF5C3FB466}.Release|Any CPU.ActiveCfg = Release|Any CPU
		{959DF0EA-BFBC-41BB-94E5-E5FF5C3FB466}.Release|Any CPU.Build.0 = Release|Any CPU
		{55E3BD05-AA6B-48D7-A5C5-B5021BC3C53E}.Debug|Any CPU.ActiveCfg = Debug|Any CPU
		{55E3BD05-AA6B-48D7-A5C5-B5021BC3C53E}.Debug|Any CPU.Build.0 = Debug|Any CPU
		{55E3BD05-AA6B-48D7-A5C5-B5021BC3C53E}.Release|Any CPU.ActiveCfg = Release|Any CPU
		{55E3BD05-AA6B-48D7-A5C5-B5021BC3C53E}.Release|Any CPU.Build.0 = Release|Any CPU
		{5CE2996F-1691-4D38-AB8B-AB96916E7105}.Debug|Any CPU.ActiveCfg = Debug|Any CPU
		{5CE2996F-1691-4D38-AB8B-AB96916E7105}.Debug|Any CPU.Build.0 = Debug|Any CPU
		{5CE2996F-1691-4D38-AB8B-AB96916E7105}.Release|Any CPU.ActiveCfg = Release|Any CPU
		{5CE2996F-1691-4D38-AB8B-AB96916E7105}.Release|Any CPU.Build.0 = Release|Any CPU
	EndGlobalSection
	GlobalSection(SolutionProperties) = preSolution
		HideSolutionNode = FALSE
	EndGlobalSection
	GlobalSection(ExtensibilityGlobals) = postSolution
		SolutionGuid = {F1BE18F6-070B-435C-8E2F-8AFECF09B801}
	EndGlobalSection
EndGlobal
